{
  "version": 4,
  "terraform_version": "1.4.0",
  "serial": 11,
  "lineage": "fdb1762e-ce85-b2a2-22f8-bb4ac140d59c",
  "outputs": {
    "hello_world": {
      "value": "Hello, World!",
      "type": "string"
    },
    "id": {
      "value": "enp791t5ndn0pkeora79",
      "type": "string"
    },
    "subnets": {
      "value": {
        "default-a": {
          "id": "e9bmv01n4esonijme8si",
          "zone": "ru-central1-a"
        },
        "default-b": {
          "id": "e2l2hjno2ngo11prol62",
          "zone": "ru-central1-b"
        },
        "default-c": {
          "id": "b0cn2bik4rcohtcmmr91",
          "zone": "ru-central1-c"
        },
        "subnet-a": {
          "id": "e9b7op840po15be0cs7s",
          "zone": "ru-central1-a"
        },
        "subnet-b": {
          "id": "e2lrj93cn1a6bro1co9f",
          "zone": "ru-central1-b"
        },
        "subnet-c": {
          "id": "b0cva81tu13mecm265tb",
          "zone": "ru-central1-c"
        }
      },
      "type": [
        "object",
        {
          "default-a": [
            "object",
            {
              "id": "string",
              "zone": "string"
            }
          ],
          "default-b": [
            "object",
            {
              "id": "string",
              "zone": "string"
            }
          ],
          "default-c": [
            "object",
            {
              "id": "string",
              "zone": "string"
            }
          ],
          "subnet-a": [
            "object",
            {
              "id": "string",
              "zone": "string"
            }
          ],
          "subnet-b": [
            "object",
            {
              "id": "string",
              "zone": "string"
            }
          ],
          "subnet-c": [
            "object",
            {
              "id": "string",
              "zone": "string"
            }
          ]
        }
      ]
    }
  },
  "resources": [
    {
      "module": "module.vpc",
      "mode": "managed",
      "type": "random_id",
      "name": "main",
      "provider": "provider[\"registry.terraform.io/hashicorp/random\"]",
      "instances": [
        {
          "schema_version": 0,
          "attributes": {
            "b64_std": "++pGMA==",
            "b64_url": "--pGMA",
            "byte_length": 4,
            "dec": "4226434608",
            "hex": "fbea4630",
            "id": "--pGMA",
            "keepers": null,
            "prefix": null
          },
          "sensitive_attributes": [],
          "create_before_destroy": true
        }
      ]
    },
    {
      "module": "module.vpc",
      "mode": "managed",
      "type": "yandex_vpc_gateway",
      "name": "main",
      "provider": "provider[\"registry.terraform.io/yandex-cloud/yandex\"]",
      "instances": [
        {
          "schema_version": 0,
          "attributes": {
            "created_at": "2022-10-11T11:08:35Z",
            "description": "",
            "folder_id": "b1g2ec4h2fi1iqglb97o",
            "id": "enpkq1ffo7nsu4bbuje1",
            "labels": {},
            "name": "",
            "shared_egress_gateway": [
              {}
            ],
            "timeouts": null
          },
          "sensitive_attributes": [],
          "private": "eyJlMmJmYjczMC1lY2FhLTExZTYtOGY4OC0zNDM2M2JjN2M0YzAiOnsiY3JlYXRlIjo2MDAwMDAwMDAwMCwiZGVsZXRlIjo2MDAwMDAwMDAwMCwidXBkYXRlIjo2MDAwMDAwMDAwMH19",
          "create_before_destroy": true
        }
      ]
    },
    {
      "module": "module.vpc",
      "mode": "managed",
      "type": "yandex_vpc_network",
      "name": "main",
      "provider": "provider[\"registry.terraform.io/yandex-cloud/yandex\"]",
      "instances": [
        {
          "schema_version": 0,
          "attributes": {
            "created_at": "2022-10-11T11:08:35Z",
            "default_security_group_id": "enp44iajbh1pl1hqavch",
            "description": "",
            "folder_id": "b1g2ec4h2fi1iqglb97o",
            "id": "enp791t5ndn0pkeora79",
            "labels": {
              "terraform": "true",
              "terraform_module": "examples"
            },
            "name": "vpc-fbea4630",
            "subnet_ids": [],
            "timeouts": null
          },
          "sensitive_attributes": [],
          "private": "eyJlMmJmYjczMC1lY2FhLTExZTYtOGY4OC0zNDM2M2JjN2M0YzAiOnsiY3JlYXRlIjo2MDAwMDAwMDAwMCwiZGVsZXRlIjo2MDAwMDAwMDAwMCwidXBkYXRlIjo2MDAwMDAwMDAwMH19",
          "dependencies": [
            "module.vpc.random_id.main"
          ],
          "create_before_destroy": true
        }
      ]
    },
    {
      "module": "module.vpc",
      "mode": "managed",
      "type": "yandex_vpc_route_table",
      "name": "main",
      "provider": "provider[\"registry.terraform.io/yandex-cloud/yandex\"]",
      "instances": [
        {
          "schema_version": 0,
          "attributes": {
            "created_at": "2022-10-11T11:08:36Z",
            "description": "",
            "folder_id": "b1g2ec4h2fi1iqglb97o",
            "id": "enp3us0o4c8imphii78a",
            "labels": {},
            "name": "",
            "network_id": "enp791t5ndn0pkeora79",
            "static_route": [
              {
                "destination_prefix": "0.0.0.0/0",
                "gateway_id": "enpkq1ffo7nsu4bbuje1",
                "next_hop_address": ""
              }
            ],
            "timeouts": null
          },
          "sensitive_attributes": [],
          "private": "eyJlMmJmYjczMC1lY2FhLTExZTYtOGY4OC0zNDM2M2JjN2M0YzAiOnsiY3JlYXRlIjoxODAwMDAwMDAwMDAsImRlbGV0ZSI6MTgwMDAwMDAwMDAwLCJ1cGRhdGUiOjE4MDAwMDAwMDAwMH19",
          "dependencies": [
            "module.vpc.random_id.main",
            "module.vpc.yandex_vpc_gateway.main",
            "module.vpc.yandex_vpc_network.main"
          ],
          "create_before_destroy": true
        }
      ]
    },
    {
      "module": "module.vpc",
      "mode": "managed",
      "type": "yandex_vpc_subnet",
      "name": "main",
      "provider": "provider[\"registry.terraform.io/yandex-cloud/yandex\"]",
      "instances": [
        {
          "index_key": "default-a",
          "schema_version": 0,
          "attributes": {
            "created_at": "2022-10-11T11:08:37Z",
            "description": "",
            "dhcp_options": [],
            "folder_id": "b1g2ec4h2fi1iqglb97o",
            "id": "e9bmv01n4esonijme8si",
            "labels": {
              "terraform": "true",
              "terraform_module": "examples"
            },
            "name": "default-a-ru-central1-a-fbea4630",
            "network_id": "enp791t5ndn0pkeora79",
            "route_table_id": "enp3us0o4c8imphii78a",
            "timeouts": null,
            "v4_cidr_blocks": [
              "10.128.0.0/24"
            ],
            "v6_cidr_blocks": [],
            "zone": "ru-central1-a"
          },
          "sensitive_attributes": [],
          "private": "eyJlMmJmYjczMC1lY2FhLTExZTYtOGY4OC0zNDM2M2JjN2M0YzAiOnsiY3JlYXRlIjoxODAwMDAwMDAwMDAsImRlbGV0ZSI6MTgwMDAwMDAwMDAwLCJ1cGRhdGUiOjE4MDAwMDAwMDAwMH19",
          "dependencies": [
            "module.vpc.random_id.main",
            "module.vpc.yandex_vpc_gateway.main",
            "module.vpc.yandex_vpc_network.main",
            "module.vpc.yandex_vpc_route_table.main"
          ],
          "create_before_destroy": true
        },
        {
          "index_key": "default-b",
          "schema_version": 0,
          "attributes": {
            "created_at": "2022-10-11T11:08:38Z",
            "description": "",
            "dhcp_options": [],
            "folder_id": "b1g2ec4h2fi1iqglb97o",
            "id": "e2l2hjno2ngo11prol62",
            "labels": {
              "terraform": "true",
              "terraform_module": "examples"
            },
            "name": "default-b-ru-central1-b-fbea4630",
            "network_id": "enp791t5ndn0pkeora79",
            "route_table_id": "enp3us0o4c8imphii78a",
            "timeouts": null,
            "v4_cidr_blocks": [
              "10.129.0.0/24"
            ],
            "v6_cidr_blocks": [],
            "zone": "ru-central1-b"
          },
          "sensitive_attributes": [],
          "private": "eyJlMmJmYjczMC1lY2FhLTExZTYtOGY4OC0zNDM2M2JjN2M0YzAiOnsiY3JlYXRlIjoxODAwMDAwMDAwMDAsImRlbGV0ZSI6MTgwMDAwMDAwMDAwLCJ1cGRhdGUiOjE4MDAwMDAwMDAwMH19",
          "dependencies": [
            "module.vpc.random_id.main",
            "module.vpc.yandex_vpc_gateway.main",
            "module.vpc.yandex_vpc_network.main",
            "module.vpc.yandex_vpc_route_table.main"
          ],
          "create_before_destroy": true
        },
        {
          "index_key": "default-c",
          "schema_version": 0,
          "attributes": {
            "created_at": "2022-10-11T11:08:41Z",
            "description": "",
            "dhcp_options": [],
            "folder_id": "b1g2ec4h2fi1iqglb97o",
            "id": "b0cn2bik4rcohtcmmr91",
            "labels": {
              "terraform": "true",
              "terraform_module": "examples"
            },
            "name": "default-c-ru-central1-c-fbea4630",
            "network_id": "enp791t5ndn0pkeora79",
            "route_table_id": "enp3us0o4c8imphii78a",
            "timeouts": null,
            "v4_cidr_blocks": [
              "10.130.0.0/24"
            ],
            "v6_cidr_blocks": [],
            "zone": "ru-central1-c"
          },
          "sensitive_attributes": [],
          "private": "eyJlMmJmYjczMC1lY2FhLTExZTYtOGY4OC0zNDM2M2JjN2M0YzAiOnsiY3JlYXRlIjoxODAwMDAwMDAwMDAsImRlbGV0ZSI6MTgwMDAwMDAwMDAwLCJ1cGRhdGUiOjE4MDAwMDAwMDAwMH19",
          "dependencies": [
            "module.vpc.random_id.main",
            "module.vpc.yandex_vpc_gateway.main",
            "module.vpc.yandex_vpc_network.main",
            "module.vpc.yandex_vpc_route_table.main"
          ],
          "create_before_destroy": true
        },
        {
          "index_key": "subnet-a",
          "schema_version": 0,
          "attributes": {
            "created_at": "2022-10-11T11:08:40Z",
            "description": "",
            "dhcp_options": [],
            "folder_id": "b1g2ec4h2fi1iqglb97o",
            "id": "e9b7op840po15be0cs7s",
            "labels": {
              "terraform": "true",
              "terraform_module": "examples"
            },
            "name": "subnet-a-ru-central1-a-fbea4630",
            "network_id": "enp791t5ndn0pkeora79",
            "route_table_id": "enp3us0o4c8imphii78a",
            "timeouts": null,
            "v4_cidr_blocks": [
              "10.101.10.0/24"
            ],
            "v6_cidr_blocks": [],
            "zone": "ru-central1-a"
          },
          "sensitive_attributes": [],
          "private": "eyJlMmJmYjczMC1lY2FhLTExZTYtOGY4OC0zNDM2M2JjN2M0YzAiOnsiY3JlYXRlIjoxODAwMDAwMDAwMDAsImRlbGV0ZSI6MTgwMDAwMDAwMDAwLCJ1cGRhdGUiOjE4MDAwMDAwMDAwMH19",
          "dependencies": [
            "module.vpc.random_id.main",
            "module.vpc.yandex_vpc_gateway.main",
            "module.vpc.yandex_vpc_network.main",
            "module.vpc.yandex_vpc_route_table.main"
          ],
          "create_before_destroy": true
        },
        {
          "index_key": "subnet-b",
          "schema_version": 0,
          "attributes": {
            "created_at": "2022-10-11T11:08:38Z",
            "description": "",
            "dhcp_options": [],
            "folder_id": "b1g2ec4h2fi1iqglb97o",
            "id": "e2lrj93cn1a6bro1co9f",
            "labels": {
              "terraform": "true",
              "terraform_module": "examples"
            },
            "name": "subnet-b-ru-central1-b-fbea4630",
            "network_id": "enp791t5ndn0pkeora79",
            "route_table_id": "enp3us0o4c8imphii78a",
            "timeouts": null,
            "v4_cidr_blocks": [
              "10.101.20.0/24"
            ],
            "v6_cidr_blocks": [],
            "zone": "ru-central1-b"
          },
          "sensitive_attributes": [],
          "private": "eyJlMmJmYjczMC1lY2FhLTExZTYtOGY4OC0zNDM2M2JjN2M0YzAiOnsiY3JlYXRlIjoxODAwMDAwMDAwMDAsImRlbGV0ZSI6MTgwMDAwMDAwMDAwLCJ1cGRhdGUiOjE4MDAwMDAwMDAwMH19",
          "dependencies": [
            "module.vpc.random_id.main",
            "module.vpc.yandex_vpc_gateway.main",
            "module.vpc.yandex_vpc_network.main",
            "module.vpc.yandex_vpc_route_table.main"
          ],
          "create_before_destroy": true
        },
        {
          "index_key": "subnet-c",
          "schema_version": 0,
          "attributes": {
            "created_at": "2022-10-11T11:08:39Z",
            "description": "",
            "dhcp_options": [],
            "folder_id": "b1g2ec4h2fi1iqglb97o",
            "id": "b0cva81tu13mecm265tb",
            "labels": {
              "terraform": "true",
              "terraform_module": "examples"
            },
            "name": "subnet-c-ru-central1-c-fbea4630",
            "network_id": "enp791t5ndn0pkeora79",
            "route_table_id": "enp3us0o4c8imphii78a",
            "timeouts": null,
            "v4_cidr_blocks": [
              "10.101.30.0/24"
            ],
            "v6_cidr_blocks": [],
            "zone": "ru-central1-c"
          },
          "sensitive_attributes": [],
          "private": "eyJlMmJmYjczMC1lY2FhLTExZTYtOGY4OC0zNDM2M2JjN2M0YzAiOnsiY3JlYXRlIjoxODAwMDAwMDAwMDAsImRlbGV0ZSI6MTgwMDAwMDAwMDAwLCJ1cGRhdGUiOjE4MDAwMDAwMDAwMH19",
          "dependencies": [
            "module.vpc.random_id.main",
            "module.vpc.yandex_vpc_gateway.main",
            "module.vpc.yandex_vpc_network.main",
            "module.vpc.yandex_vpc_route_table.main"
          ],
          "create_before_destroy": true
        }
      ]
    }
  ],
  "check_results": []
}
